# This file is autogenerated, do not edit; changes may be undone by the next 'dep ensure'.


[[projects]]
  name = "github.com/aws/aws-lambda-go"
  packages = [
    "lambda",
    "lambda/messages",
    "lambdacontext"
  ]
  revision = "6e2e37798efbb1dfd8e9c6681702e683a6046517"
  version = "v1.0.1"

[[projects]]
  branch = "master"
  name = "github.com/fnproject/fdk-go"
  packages = [
    ".",
    "utils"
  ]
  revision = "1eb29530716f262bad5b83eb9a5b3f7483636949"

[solve-meta]
  analyzer-name = "dep"
  analyzer-version = 1
  inputs-digest = "4764d5bc29fab27ded492ccf44b0bfa63e94ecf1857ac6a53f8ab09f86b16db9"
  solver-name = "gps-cdcl"
  solver-version = 1
